// !$*UTF8*$!
{
	archiveVersion = 1;
	classes = {
	};
	objectVersion = 77;
	objects = {

/* Begin PBXContainerItemProxy section */
		F9EA65612CE567AF006DE199 /* PBXContainerItemProxy */ = {
			isa = PBXContainerItemProxy;
			containerPortal = F9EA65482CE567AD006DE199 /* Project object */;
			proxyType = 1;
			remoteGlobalIDString = F9EA654F2CE567AD006DE199;
			remoteInfo = CoppersignedWallPlacer;
		};
		F9EA656B2CE567AF006DE199 /* PBXContainerItemProxy */ = {
			isa = PBXContainerItemProxy;
			containerPortal = F9EA65482CE567AD006DE199 /* Project object */;
			proxyType = 1;
			remoteGlobalIDString = F9EA654F2CE567AD006DE199;
			remoteInfo = CoppersignedWallPlacer;
		};
/* End PBXContainerItemProxy section */

/* Begin PBXFileReference section */
		F9EA65502CE567AD006DE199 /* CoppersignedWallPlacer.app */ = {isa = PBXFileReference; explicitFileType = wrapper.application; includeInIndex = 0; path = CoppersignedWallPlacer.app; sourceTree = BUILT_PRODUCTS_DIR; };
		F9EA65602CE567AF006DE199 /* CoppersignedWallPlacerTests.xctest */ = {isa = PBXFileReference; explicitFileType = wrapper.cfbundle; includeInIndex = 0; path = CoppersignedWallPlacerTests.xctest; sourceTree = BUILT_PRODUCTS_DIR; };
		F9EA656A2CE567AF006DE199 /* CoppersignedWallPlacerUITests.xctest */ = {isa = PBXFileReference; explicitFileType = wrapper.cfbundle; includeInIndex = 0; path = CoppersignedWallPlacerUITests.xctest; sourceTree = BUILT_PRODUCTS_DIR; };
/* End PBXFileReference section */

/* Begin PBXFileSystemSynchronizedBuildFileExceptionSet section */
		F98B6FA52CFBC5E7009839AF /* Exceptions for "CoppersignedWallPlacer" folder in "CoppersignedWallPlacer" target */ = {
			isa = PBXFileSystemSynchronizedBuildFileExceptionSet;
			membershipExceptions = (
				Info.plist,
			);
			target = F9EA654F2CE567AD006DE199 /* CoppersignedWallPlacer */;
		};
/* End PBXFileSystemSynchronizedBuildFileExceptionSet section */

/* Begin PBXFileSystemSynchronizedRootGroup section */
		F9EA65522CE567AD006DE199 /* CoppersignedWallPlacer */ = {
			isa = PBXFileSystemSynchronizedRootGroup;
			exceptions = (
				F98B6FA52CFBC5E7009839AF /* Exceptions for "CoppersignedWallPlacer" folder in "CoppersignedWallPlacer" target */,
			);
			path = CoppersignedWallPlacer;
			sourceTree = "<group>";
		};
		F9EA65632CE567AF006DE199 /* CoppersignedWallPlacerTests */ = {
			isa = PBXFileSystemSynchronizedRootGroup;
			path = CoppersignedWallPlacerTests;
			sourceTree = "<group>";
		};
		F9EA656D2CE567AF006DE199 /* CoppersignedWallPlacerUITests */ = {
			isa = PBXFileSystemSynchronizedRootGroup;
			path = CoppersignedWallPlacerUITests;
			sourceTree = "<group>";
		};
/* End PBXFileSystemSynchronizedRootGroup section */

/* Begin PBXFrameworksBuildPhase section */
		F9EA654D2CE567AD006DE199 /* Frameworks */ = {
			isa = PBXFrameworksBuildPhase;
			buildActionMask = 2147483647;
			files = (
			);
			runOnlyForDeploymentPostprocessing = 0;
		};
		F9EA655D2CE567AF006DE199 /* Frameworks */ = {
			isa = PBXFrameworksBuildPhase;
			buildActionMask = 2147483647;
			files = (
			);
			runOnlyForDeploymentPostprocessing = 0;
		};
		F9EA65672CE567AF006DE199 /* Frameworks */ = {
			isa = PBXFrameworksBuildPhase;
			buildActionMask = 2147483647;
			files = (
			);
			runOnlyForDeploymentPostprocessing = 0;
		};
/* End PBXFrameworksBuildPhase section */

/* Begin PBXGroup section */
		F9EA65472CE567AD006DE199 = {
			isa = PBXGroup;
			children = (
				F9EA65522CE567AD006DE199 /* CoppersignedWallPlacer */,
				F9EA65632CE567AF006DE199 /* CoppersignedWallPlacerTests */,
				F9EA656D2CE567AF006DE199 /* CoppersignedWallPlacerUITests */,
				F9EA65512CE567AD006DE199 /* Products */,
			);
			sourceTree = "<group>";
		};
		F9EA65512CE567AD006DE199 /* Products */ = {
			isa = PBXGroup;
			children = (
				F9EA65502CE567AD006DE199 /* CoppersignedWallPlacer.app */,
				F9EA65602CE567AF006DE199 /* CoppersignedWallPlacerTests.xctest */,
				F9EA656A2CE567AF006DE199 /* CoppersignedWallPlacerUITests.xctest */,
			);
			name = Products;
			sourceTree = "<group>";
		};
/* End PBXGroup section */

/* Begin PBXNativeTarget section */
		F9EA654F2CE567AD006DE199 /* CoppersignedWallPlacer */ = {
			isa = PBXNativeTarget;
			buildConfigurationList = F9EA65742CE567AF006DE199 /* Build configuration list for PBXNativeTarget "CoppersignedWallPlacer" */;
			buildPhases = (
				F9EA654C2CE567AD006DE199 /* Sources */,
				F9EA654D2CE567AD006DE199 /* Frameworks */,
				F9EA654E2CE567AD006DE199 /* Resources */,
			);
			buildRules = (
			);
			dependencies = (
			);
			fileSystemSynchronizedGroups = (
				F9EA65522CE567AD006DE199 /* CoppersignedWallPlacer */,
			);
			name = CoppersignedWallPlacer;
			packageProductDependencies = (
			);
			productName = CoppersignedWallPlacer;
			productReference = F9EA65502CE567AD006DE199 /* CoppersignedWallPlacer.app */;
			productType = "com.apple.product-type.application";
		};
		F9EA655F2CE567AF006DE199 /* CoppersignedWallPlacerTests */ = {
			isa = PBXNativeTarget;
			buildConfigurationList = F9EA65772CE567AF006DE199 /* Build configuration list for PBXNativeTarget "CoppersignedWallPlacerTests" */;
			buildPhases = (
				F9EA655C2CE567AF006DE199 /* Sources */,
				F9EA655D2CE567AF006DE199 /* Frameworks */,
				F9EA655E2CE567AF006DE199 /* Resources */,
			);
			buildRules = (
			);
			dependencies = (
				F9EA65622CE567AF006DE199 /* PBXTargetDependency */,
			);
			fileSystemSynchronizedGroups = (
				F9EA65632CE567AF006DE199 /* CoppersignedWallPlacerTests */,
			);
			name = CoppersignedWallPlacerTests;
			packageProductDependencies = (
			);
			productName = CoppersignedWallPlacerTests;
			productReference = F9EA65602CE567AF006DE199 /* CoppersignedWallPlacerTests.xctest */;
			productType = "com.apple.product-type.bundle.unit-test";
		};
		F9EA65692CE567AF006DE199 /* CoppersignedWallPlacerUITests */ = {
			isa = PBXNativeTarget;
			buildConfigurationList = F9EA657A2CE567AF006DE199 /* Build configuration list for PBXNativeTarget "CoppersignedWallPlacerUITests" */;
			buildPhases = (
				F9EA65662CE567AF006DE199 /* Sources */,
				F9EA65672CE567AF006DE199 /* Frameworks */,
				F9EA65682CE567AF006DE199 /* Resources */,
			);
			buildRules = (
			);
			dependencies = (
				F9EA656C2CE567AF006DE199 /* PBXTargetDependency */,
			);
			fileSystemSynchronizedGroups = (
				F9EA656D2CE567AF006DE199 /* CoppersignedWallPlacerUITests */,
			);
			name = CoppersignedWallPlacerUITests;
			packageProductDependencies = (
			);
			productName = CoppersignedWallPlacerUITests;
			productReference = F9EA656A2CE567AF006DE199 /* CoppersignedWallPlacerUITests.xctest */;
			productType = "com.apple.product-type.bundle.ui-testing";
		};
/* End PBXNativeTarget section */

/* Begin PBXProject section */
		F9EA65482CE567AD006DE199 /* Project object */ = {
			isa = PBXProject;
			attributes = {
				BuildIndependentTargetsInParallel = 1;
				LastSwiftUpdateCheck = 1610;
				LastUpgradeCheck = 1610;
				TargetAttributes = {
					F9EA654F2CE567AD006DE199 = {
						CreatedOnToolsVersion = 16.1;
					};
					F9EA655F2CE567AF006DE199 = {
						CreatedOnToolsVersion = 16.1;
						TestTargetID = F9EA654F2CE567AD006DE199;
					};
					F9EA65692CE567AF006DE199 = {
						CreatedOnToolsVersion = 16.1;
						TestTargetID = F9EA654F2CE567AD006DE199;
					};
				};
			};
			buildConfigurationList = F9EA654B2CE567AD006DE199 /* Build configuration list for PBXProject "CoppersignedWallPlacer" */;
			developmentRegion = en;
			hasScannedForEncodings = 0;
			knownRegions = (
				en,
				Base,
				de,
			);
			mainGroup = F9EA65472CE567AD006DE199;
			minimizedProjectReferenceProxies = 1;
			preferredProjectObjectVersion = 77;
			productRefGroup = F9EA65512CE567AD006DE199 /* Products */;
			projectDirPath = "";
			projectRoot = "";
			targets = (
				F9EA654F2CE567AD006DE199 /* CoppersignedWallPlacer */,
				F9EA655F2CE567AF006DE199 /* CoppersignedWallPlacerTests */,
				F9EA65692CE567AF006DE199 /* CoppersignedWallPlacerUITests */,
			);
		};
/* End PBXProject section */

/* Begin PBXResourcesBuildPhase section */
		F9EA654E2CE567AD006DE199 /* Resources */ = {
			isa = PBXResourcesBuildPhase;
			buildActionMask = 2147483647;
			files = (
			);
			runOnlyForDeploymentPostprocessing = 0;
		};
		F9EA655E2CE567AF006DE199 /* Resources */ = {
			isa = PBXResourcesBuildPhase;
			buildActionMask = 2147483647;
			files = (
			);
			runOnlyForDeploymentPostprocessing = 0;
		};
		F9EA65682CE567AF006DE199 /* Resources */ = {
			isa = PBXResourcesBuildPhase;
			buildActionMask = 2147483647;
			files = (
			);
			runOnlyForDeploymentPostprocessing = 0;
		};
/* End PBXResourcesBuildPhase section */

/* Begin PBXSourcesBuildPhase section */
		F9EA654C2CE567AD006DE199 /* Sources */ = {
			isa = PBXSourcesBuildPhase;
			buildActionMask = 2147483647;
			files = (
			);
			runOnlyForDeploymentPostprocessing = 0;
		};
		F9EA655C2CE567AF006DE199 /* Sources */ = {
			isa = PBXSourcesBuildPhase;
			buildActionMask = 2147483647;
			files = (
			);
			runOnlyForDeploymentPostprocessing = 0;
		};
		F9EA65662CE567AF006DE199 /* Sources */ = {
			isa = PBXSourcesBuildPhase;
			buildActionMask = 2147483647;
			files = (
			);
			runOnlyForDeploymentPostprocessing = 0;
		};
/* End PBXSourcesBuildPhase section */

/* Begin PBXTargetDependency section */
		F9EA65622CE567AF006DE199 /* PBXTargetDependency */ = {
			isa = PBXTargetDependency;
			target = F9EA654F2CE567AD006DE199 /* CoppersignedWallPlacer */;
			targetProxy = F9EA65612CE567AF006DE199 /* PBXContainerItemProxy */;
		};
		F9EA656C2CE567AF006DE199 /* PBXTargetDependency */ = {
			isa = PBXTargetDependency;
			target = F9EA654F2CE567AD006DE199 /* CoppersignedWallPlacer */;
			targetProxy = F9EA656B2CE567AF006DE199 /* PBXContainerItemProxy */;
		};
/* End PBXTargetDependency section */

/* Begin XCBuildConfiguration section */
		F9EA65722CE567AF006DE199 /* Debug */ = {
			isa = XCBuildConfiguration;
			buildSettings = {
				ALWAYS_SEARCH_USER_PATHS = NO;
				ASSETCATALOG_COMPILER_GENERATE_SWIFT_ASSET_SYMBOL_EXTENSIONS = YES;
				CLANG_ANALYZER_NONNULL = YES;
				CLANG_ANALYZER_NUMBER_OBJECT_CONVERSION = YES_AGGRESSIVE;
				CLANG_CXX_LANGUAGE_STANDARD = "gnu++20";
				CLANG_ENABLE_MODULES = YES;
				CLANG_ENABLE_OBJC_ARC = YES;
				CLANG_ENABLE_OBJC_WEAK = YES;
				CLANG_WARN_BLOCK_CAPTURE_AUTORELEASING = YES;
				CLANG_WARN_BOOL_CONVERSION = YES;
				CLANG_WARN_COMMA = YES;
				CLANG_WARN_CONSTANT_CONVERSION = YES;
				CLANG_WARN_DEPRECATED_OBJC_IMPLEMENTATIONS = YES;
				CLANG_WARN_DIRECT_OBJC_ISA_USAGE = YES_ERROR;
				CLANG_WARN_DOCUMENTATION_COMMENTS = YES;
				CLANG_WARN_EMPTY_BODY = YES;
				CLANG_WARN_ENUM_CONVERSION = YES;
				CLANG_WARN_INFINITE_RECURSION = YES;
				CLANG_WARN_INT_CONVERSION = YES;
				CLANG_WARN_NON_LITERAL_NULL_CONVERSION = YES;
				CLANG_WARN_OBJC_IMPLICIT_RETAIN_SELF = YES;
				CLANG_WARN_OBJC_LITERAL_CONVERSION = YES;
				CLANG_WARN_OBJC_ROOT_CLASS = YES_ERROR;
				CLANG_WARN_QUOTED_INCLUDE_IN_FRAMEWORK_HEADER = YES;
				CLANG_WARN_RANGE_LOOP_ANALYSIS = YES;
				CLANG_WARN_STRICT_PROTOTYPES = YES;
				CLANG_WARN_SUSPICIOUS_MOVE = YES;
				CLANG_WARN_UNGUARDED_AVAILABILITY = YES_AGGRESSIVE;
				CLANG_WARN_UNREACHABLE_CODE = YES;
				CLANG_WARN__DUPLICATE_METHOD_MATCH = YES;
				COPY_PHASE_STRIP = NO;
				DEBUG_INFORMATION_FORMAT = dwarf;
				ENABLE_STRICT_OBJC_MSGSEND = YES;
				ENABLE_TESTABILITY = YES;
				ENABLE_USER_SCRIPT_SANDBOXING = YES;
				GCC_C_LANGUAGE_STANDARD = gnu17;
				GCC_DYNAMIC_NO_PIC = NO;
				GCC_NO_COMMON_BLOCKS = YES;
				GCC_OPTIMIZATION_LEVEL = 0;
				GCC_PREPROCESSOR_DEFINITIONS = (
					"DEBUG=1",
					"$(inherited)",
				);
				GCC_WARN_64_TO_32_BIT_CONVERSION = YES;
				GCC_WARN_ABOUT_RETURN_TYPE = YES_ERROR;
				GCC_WARN_UNDECLARED_SELECTOR = YES;
				GCC_WARN_UNINITIALIZED_AUTOS = YES_AGGRESSIVE;
				GCC_WARN_UNUSED_FUNCTION = YES;
				GCC_WARN_UNUSED_VARIABLE = YES;
				IPHONEOS_DEPLOYMENT_TARGET = 18.1;
				LOCALIZATION_PREFERS_STRING_CATALOGS = YES;
				MTL_ENABLE_DEBUG_INFO = INCLUDE_SOURCE;
				MTL_FAST_MATH = YES;
				ONLY_ACTIVE_ARCH = YES;
				SDKROOT = iphoneos;
				SWIFT_ACTIVE_COMPILATION_CONDITIONS = "DEBUG $(inherited)";
				SWIFT_EMIT_LOC_STRINGS = YES;
				SWIFT_OPTIMIZATION_LEVEL = "-Onone";
			};
			name = Debug;
		};
		F9EA65732CE567AF006DE199 /* Release */ = {
			isa = XCBuildConfiguration;
			buildSettings = {
				ALWAYS_SEARCH_USER_PATHS = NO;
				ASSETCATALOG_COMPILER_GENERATE_SWIFT_ASSET_SYMBOL_EXTENSIONS = YES;
				CLANG_ANALYZER_NONNULL = YES;
				CLANG_ANALYZER_NUMBER_OBJECT_CONVERSION = YES_AGGRESSIVE;
				CLANG_CXX_LANGUAGE_STANDARD = "gnu++20";
				CLANG_ENABLE_MODULES = YES;
				CLANG_ENABLE_OBJC_ARC = YES;
				CLANG_ENABLE_OBJC_WEAK = YES;
				CLANG_WARN_BLOCK_CAPTURE_AUTORELEASING = YES;
				CLANG_WARN_BOOL_CONVERSION = YES;
				CLANG_WARN_COMMA = YES;
				CLANG_WARN_CONSTANT_CONVERSION = YES;
				CLANG_WARN_DEPRECATED_OBJC_IMPLEMENTATIONS = YES;
				CLANG_WARN_DIRECT_OBJC_ISA_USAGE = YES_ERROR;
				CLANG_WARN_DOCUMENTATION_COMMENTS = YES;
				CLANG_WARN_EMPTY_BODY = YES;
				CLANG_WARN_ENUM_CONVERSION = YES;
				CLANG_WARN_INFINITE_RECURSION = YES;
				CLANG_WARN_INT_CONVERSION = YES;
				CLANG_WARN_NON_LITERAL_NULL_CONVERSION = YES;
				CLANG_WARN_OBJC_IMPLICIT_RETAIN_SELF = YES;
				CLANG_WARN_OBJC_LITERAL_CONVERSION = YES;
				CLANG_WARN_OBJC_ROOT_CLASS = YES_ERROR;
				CLANG_WARN_QUOTED_INCLUDE_IN_FRAMEWORK_HEADER = YES;
				CLANG_WARN_RANGE_LOOP_ANALYSIS = YES;
				CLANG_WARN_STRICT_PROTOTYPES = YES;
				CLANG_WARN_SUSPICIOUS_MOVE = YES;
				CLANG_WARN_UNGUARDED_AVAILABILITY = YES_AGGRESSIVE;
				CLANG_WARN_UNREACHABLE_CODE = YES;
				CLANG_WARN__DUPLICATE_METHOD_MATCH = YES;
				COPY_PHASE_STRIP = NO;
				DEBUG_INFORMATION_FORMAT = "dwarf-with-dsym";
				ENABLE_NS_ASSERTIONS = NO;
				ENABLE_STRICT_OBJC_MSGSEND = YES;
				ENABLE_USER_SCRIPT_SANDBOXING = YES;
				GCC_C_LANGUAGE_STANDARD = gnu17;
				GCC_NO_COMMON_BLOCKS = YES;
				GCC_WARN_64_TO_32_BIT_CONVERSION = YES;
				GCC_WARN_ABOUT_RETURN_TYPE = YES_ERROR;
				GCC_WARN_UNDECLARED_SELECTOR = YES;
				GCC_WARN_UNINITIALIZED_AUTOS = YES_AGGRESSIVE;
				GCC_WARN_UNUSED_FUNCTION = YES;
				GCC_WARN_UNUSED_VARIABLE = YES;
				IPHONEOS_DEPLOYMENT_TARGET = 18.1;
				LOCALIZATION_PREFERS_STRING_CATALOGS = YES;
				MTL_ENABLE_DEBUG_INFO = NO;
				MTL_FAST_MATH = YES;
				SDKROOT = iphoneos;
				SWIFT_COMPILATION_MODE = wholemodule;
				SWIFT_EMIT_LOC_STRINGS = YES;
				VALIDATE_PRODUCT = YES;
			};
			name = Release;
		};
		F9EA65752CE567AF006DE199 /* Debug */ = {
			isa = XCBuildConfiguration;
			buildSettings = {
				ASSETCATALOG_COMPILER_APPICON_NAME = AppIcon;
				ASSETCATALOG_COMPILER_GLOBAL_ACCENT_COLOR_NAME = AccentColor;
				CODE_SIGN_STYLE = Automatic;
				CURRENT_PROJECT_VERSION = 1;
				DEVELOPMENT_ASSET_PATHS = "\"CoppersignedWallPlacer/Preview Content\"";
				DEVELOPMENT_TEAM = NEHG8Z8422;
				ENABLE_PREVIEWS = YES;
				GENERATE_INFOPLIST_FILE = YES;
				INFOPLIST_FILE = CoppersignedWallPlacer/Info.plist;
				INFOPLIST_KEY_CFBundleDisplayName = "Coppersigned Artwork";
				INFOPLIST_KEY_LSApplicationCategoryType = "public.app-category.lifestyle";
				INFOPLIST_KEY_NSCameraUsageDescription = "Diese App benötigt Zugriff auf die Kamera, um virtuelle Kunstwerke in Ihrem Raum zu platzieren. Die Kamera wird ausschließlich für diese Funktion verwendet.";
				INFOPLIST_KEY_UIApplicationSupportsIndirectInputEvents = YES;
				INFOPLIST_KEY_UIRequiredDeviceCapabilities = arkit;
				INFOPLIST_KEY_UIStatusBarHidden = YES;
				INFOPLIST_KEY_UISupportedInterfaceOrientations_iPad = "UIInterfaceOrientationPortrait UIInterfaceOrientationPortraitUpsideDown UIInterfaceOrientationLandscapeLeft UIInterfaceOrientationLandscapeRight";
				INFOPLIST_KEY_UISupportedInterfaceOrientations_iPhone = "UIInterfaceOrientationPortrait UIInterfaceOrientationLandscapeLeft UIInterfaceOrientationLandscapeRight";
				IPHONEOS_DEPLOYMENT_TARGET = 17.6;
				LD_RUNPATH_SEARCH_PATHS = (
					"$(inherited)",
					"@executable_path/Frameworks",
				);
				MARKETING_VERSION = 1.5;
				PRODUCT_BUNDLE_IDENTIFIER = de.kaemmi.CoppersignedWallPlacer;
				PRODUCT_NAME = "$(TARGET_NAME)";
				SUPPORTED_PLATFORMS = "iphoneos iphonesimulator";
				SUPPORTS_MACCATALYST = NO;
				SUPPORTS_MAC_DESIGNED_FOR_IPHONE_IPAD = NO;
				SUPPORTS_XR_DESIGNED_FOR_IPHONE_IPAD = NO;
				SWIFT_EMIT_LOC_STRINGS = YES;
				SWIFT_VERSION = 5.0;
				TARGETED_DEVICE_FAMILY = 1;
			};
			name = Debug;
		};
		F9EA65762CE567AF006DE199 /* Release */ = {
			isa = XCBuildConfiguration;
			buildSettings = {
				ASSETCATALOG_COMPILER_APPICON_NAME = AppIcon;
				ASSETCATALOG_COMPILER_GLOBAL_ACCENT_COLOR_NAME = AccentColor;
				CODE_SIGN_STYLE = Automatic;
				CURRENT_PROJECT_VERSION = 1;
				DEVELOPMENT_ASSET_PATHS = "\"CoppersignedWallPlacer/Preview Content\"";
				DEVELOPMENT_TEAM = NEHG8Z8422;
				ENABLE_PREVIEWS = YES;
				GENERATE_INFOPLIST_FILE = YES;
				INFOPLIST_FILE = CoppersignedWallPlacer/Info.plist;
				INFOPLIST_KEY_CFBundleDisplayName = "Coppersigned Artwork";
				INFOPLIST_KEY_LSApplicationCategoryType = "public.app-category.lifestyle";
				INFOPLIST_KEY_NSCameraUsageDescription = "Diese App benötigt Zugriff auf die Kamera, um virtuelle Kunstwerke in Ihrem Raum zu platzieren. Die Kamera wird ausschließlich für diese Funktion verwendet.";
				INFOPLIST_KEY_UIApplicationSupportsIndirectInputEvents = YES;
				INFOPLIST_KEY_UIRequiredDeviceCapabilities = arkit;
				INFOPLIST_KEY_UIStatusBarHidden = YES;
				INFOPLIST_KEY_UISupportedInterfaceOrientations_iPad = "UIInterfaceOrientationPortrait UIInterfaceOrientationPortraitUpsideDown UIInterfaceOrientationLandscapeLeft UIInterfaceOrientationLandscapeRight";
				INFOPLIST_KEY_UISupportedInterfaceOrientations_iPhone = "UIInterfaceOrientationPortrait UIInterfaceOrientationLandscapeLeft UIInterfaceOrientationLandscapeRight";
				IPHONEOS_DEPLOYMENT_TARGET = 17.6;
				LD_RUNPATH_SEARCH_PATHS = (
					"$(inherited)",
					"@executable_path/Frameworks",
				);
				MARKETING_VERSION = 1.5;
				PRODUCT_BUNDLE_IDENTIFIER = de.kaemmi.CoppersignedWallPlacer;
				PRODUCT_NAME = "$(TARGET_NAME)";
				SUPPORTED_PLATFORMS = "iphoneos iphonesimulator";
				SUPPORTS_MACCATALYST = NO;
				SUPPORTS_MAC_DESIGNED_FOR_IPHONE_IPAD = NO;
				SUPPORTS_XR_DESIGNED_FOR_IPHONE_IPAD = NO;
				SWIFT_EMIT_LOC_STRINGS = YES;
				SWIFT_VERSION = 5.0;
				TARGETED_DEVICE_FAMILY = 1;
			};
			name = Release;
		};
		F9EA65782CE567AF006DE199 /* Debug */ = {
			isa = XCBuildConfiguration;
			buildSettings = {
				BUNDLE_LOADER = "$(TEST_HOST)";
				CODE_SIGN_STYLE = Automatic;
				CURRENT_PROJECT_VERSION = 1;
				DEVELOPMENT_TEAM = NEHG8Z8422;
				GENERATE_INFOPLIST_FILE = YES;
				IPHONEOS_DEPLOYMENT_TARGET = 18.1;
				MARKETING_VERSION = 1.0;
				PRODUCT_BUNDLE_IDENTIFIER = net.kaemmi.CoppersignedWallPlacerTests;
				PRODUCT_NAME = "$(TARGET_NAME)";
				SUPPORTED_PLATFORMS = "iphoneos iphonesimulator";
				SUPPORTS_MACCATALYST = NO;
				SUPPORTS_MAC_DESIGNED_FOR_IPHONE_IPAD = NO;
				SUPPORTS_XR_DESIGNED_FOR_IPHONE_IPAD = NO;
				SWIFT_EMIT_LOC_STRINGS = NO;
				SWIFT_VERSION = 5.0;
				TARGETED_DEVICE_FAMILY = 1;
				TEST_HOST = "$(BUILT_PRODUCTS_DIR)/CoppersignedWallPlacer.app/$(BUNDLE_EXECUTABLE_FOLDER_PATH)/CoppersignedWallPlacer";
			};
			name = Debug;
		};
		F9EA65792CE567AF006DE199 /* Release */ = {
			isa = XCBuildConfiguration;
			buildSettings = {
				BUNDLE_LOADER = "$(TEST_HOST)";
				CODE_SIGN_STYLE = Automatic;
				CURRENT_PROJECT_VERSION = 1;
				DEVELOPMENT_TEAM = NEHG8Z8422;
				GENERATE_INFOPLIST_FILE = YES;
				IPHONEOS_DEPLOYMENT_TARGET = 18.1;
				MARKETING_VERSION = 1.0;
				PRODUCT_BUNDLE_IDENTIFIER = net.kaemmi.CoppersignedWallPlacerTests;
				PRODUCT_NAME = "$(TARGET_NAME)";
				SUPPORTED_PLATFORMS = "iphoneos iphonesimulator";
				SUPPORTS_MACCATALYST = NO;
				SUPPORTS_MAC_DESIGNED_FOR_IPHONE_IPAD = NO;
				SUPPORTS_XR_DESIGNED_FOR_IPHONE_IPAD = NO;
				SWIFT_EMIT_LOC_STRINGS = NO;
				SWIFT_VERSION = 5.0;
				TARGETED_DEVICE_FAMILY = 1;
				TEST_HOST = "$(BUILT_PRODUCTS_DIR)/CoppersignedWallPlacer.app/$(BUNDLE_EXECUTABLE_FOLDER_PATH)/CoppersignedWallPlacer";
			};
			name = Release;
		};
		F9EA657B2CE567AF006DE199 /* Debug */ = {
			isa = XCBuildConfiguration;
			buildSettings = {
				CODE_SIGN_STYLE = Automatic;
				CURRENT_PROJECT_VERSION = 1;
				DEVELOPMENT_TEAM = NEHG8Z8422;
				GENERATE_INFOPLIST_FILE = YES;
				MARKETING_VERSION = 1.0;
				PRODUCT_BUNDLE_IDENTIFIER = net.kaemmi.CoppersignedWallPlacerUITests;
				PRODUCT_NAME = "$(TARGET_NAME)";
				SUPPORTED_PLATFORMS = "iphoneos iphonesimulator";
				SUPPORTS_MACCATALYST = NO;
				SUPPORTS_MAC_DESIGNED_FOR_IPHONE_IPAD = NO;
				SUPPORTS_XR_DESIGNED_FOR_IPHONE_IPAD = NO;
				SWIFT_EMIT_LOC_STRINGS = NO;
				SWIFT_VERSION = 5.0;
				TARGETED_DEVICE_FAMILY = 1;
				TEST_TARGET_NAME = CoppersignedWallPlacer;
			};
			name = Debug;
		};
		F9EA657C2CE567AF006DE199 /* Release */ = {
			isa = XCBuildConfiguration;
			buildSettings = {
				CODE_SIGN_STYLE = Automatic;
				CURRENT_PROJECT_VERSION = 1;
				DEVELOPMENT_TEAM = NEHG8Z8422;
				GENERATE_INFOPLIST_FILE = YES;
				MARKETING_VERSION = 1.0;
				PRODUCT_BUNDLE_IDENTIFIER = net.kaemmi.CoppersignedWallPlacerUITests;
				PRODUCT_NAME = "$(TARGET_NAME)";
				SUPPORTED_PLATFORMS = "iphoneos iphonesimulator";
				SUPPORTS_MACCATALYST = NO;
				SUPPORTS_MAC_DESIGNED_FOR_IPHONE_IPAD = NO;
				SUPPORTS_XR_DESIGNED_FOR_IPHONE_IPAD = NO;
				SWIFT_EMIT_LOC_STRINGS = NO;
				SWIFT_VERSION = 5.0;
				TARGETED_DEVICE_FAMILY = 1;
				TEST_TARGET_NAME = CoppersignedWallPlacer;
			};
			name = Release;
		};
/* End XCBuildConfiguration section */

/* Begin XCConfigurationList section */
		F9EA654B2CE567AD006DE199 /* Build configuration list for PBXProject "CoppersignedWallPlacer" */ = {
			isa = XCConfigurationList;
			buildConfigurations = (
				F9EA65722CE567AF006DE199 /* Debug */,
				F9EA65732CE567AF006DE199 /* Release */,
			);
			defaultConfigurationIsVisible = 0;
			defaultConfigurationName = Release;
		};
		F9EA65742CE567AF006DE199 /* Build configuration list for PBXNativeTarget "CoppersignedWallPlacer" */ = {
			isa = XCConfigurationList;
			buildConfigurations = (
				F9EA65752CE567AF006DE199 /* Debug */,
				F9EA65762CE567AF006DE199 /* Release */,
			);
			defaultConfigurationIsVisible = 0;
			defaultConfigurationName = Release;
		};
		F9EA65772CE567AF006DE199 /* Build configuration list for PBXNativeTarget "CoppersignedWallPlacerTests" */ = {
			isa = XCConfigurationList;
			buildConfigurations = (
				F9EA65782CE567AF006DE199 /* Debug */,
				F9EA65792CE567AF006DE199 /* Release */,
			);
			defaultConfigurationIsVisible = 0;
			defaultConfigurationName = Release;
		};
		F9EA657A2CE567AF006DE199 /* Build configuration list for PBXNativeTarget "CoppersignedWallPlacerUITests" */ = {
			isa = XCConfigurationList;
			buildConfigurations = (
				F9EA657B2CE567AF006DE199 /* Debug */,
				F9EA657C2CE567AF006DE199 /* Release */,
			);
			defaultConfigurationIsVisible = 0;
			defaultConfigurationName = Release;
		};
/* End XCConfigurationList section */
	};
	rootObject = F9EA65482CE567AD006DE199 /* Project object */;
}
